
Microsoft Visual Studio Solution File, Format Version 12.00
# Visual Studio Version 17
VisualStudioVersion = 17.7.33927.210
MinimumVisualStudioVersion = 10.0.40219.1
Project("{FAE04EC0-301F-11D3-BF4B-00C04F79EFBC}") = "WinAPI", "WinAPI\WinAPI.csproj", "{6C8B519E-F04A-475A-AF47-2D75D169EECD}"
EndProject
Global
	GlobalSection(SolutionConfigurationPlatforms) = preSolution
		Debug|Any CPU = Debug|Any CPU
		Release|Any CPU = Release|Any CPU
	EndGlobalSection
	GlobalSection(ProjectConfigurationPlatforms) = postSolution
		{6C8B519E-F04A-475A-AF47-2D75D169EECD}.Debug|Any CPU.ActiveCfg = Debug|Any CPU
		{6C8B519E-F04A-475A-AF47-2D75D169EECD}.Debug|Any CPU.Build.0 = Debug|Any CPU
		{6C8B519E-F04A-475A-AF47-2D75D169EECD}.Release|Any CPU.ActiveCfg = Release|Any CPU
		{6C8B519E-F04A-475A-AF47-2D75D169EECD}.Release|Any CPU.Build.0 = Release|Any CPU
	EndGlobalSection
	GlobalSection(SolutionProperties) = preSolution
		HideSolutionNode = FALSE
	EndGlobalSection
	GlobalSection(ExtensibilityGlobals) = postSolution
		SolutionGuid = {6CEBAB3E-8ADF-441A-9825-C6FB1D72D626}
	EndGlobalSection
EndGlobal
